// !$*UTF8*$!
{
	archiveVersion = 1;
	classes = {
	};
	objectVersion = 56;
	objects = {

/* Begin PBXBuildFile section */
		7837B2822A0BFA7E00FA9D0F /* AppDelegate.swift in Sources */ = {isa = PBXBuildFile; fileRef = 7837B2812A0BFA7E00FA9D0F /* AppDelegate.swift */; };
		7837B2892A0BFA7E00FA9D0F /* Main.storyboard in Resources */ = {isa = PBXBuildFile; fileRef = 7837B2872A0BFA7E00FA9D0F /* Main.storyboard */; };
		7837B28B2A0BFA8100FA9D0F /* Assets.xcassets in Resources */ = {isa = PBXBuildFile; fileRef = 7837B28A2A0BFA8100FA9D0F /* Assets.xcassets */; };
		7837B28E2A0BFA8100FA9D0F /* LaunchScreen.storyboard in Resources */ = {isa = PBXBuildFile; fileRef = 7837B28C2A0BFA8100FA9D0F /* LaunchScreen.storyboard */; };
		7837B2992A0BFA8100FA9D0F /* UnwireTests.swift in Sources */ = {isa = PBXBuildFile; fileRef = 7837B2982A0BFA8100FA9D0F /* UnwireTests.swift */; };
		7837B2A32A0BFA8100FA9D0F /* UnwireUITests.swift in Sources */ = {isa = PBXBuildFile; fileRef = 7837B2A22A0BFA8100FA9D0F /* UnwireUITests.swift */; };
		7837B2A52A0BFA8100FA9D0F /* UnwireUITestsLaunchTests.swift in Sources */ = {isa = PBXBuildFile; fileRef = 7837B2A42A0BFA8100FA9D0F /* UnwireUITestsLaunchTests.swift */; };
		7837B2B92A0C016300FA9D0F /* SearchViewController.swift in Sources */ = {isa = PBXBuildFile; fileRef = 7837B2B82A0C016300FA9D0F /* SearchViewController.swift */; };
		7837B2BB2A0C031A00FA9D0F /* AppCoordinator.swift in Sources */ = {isa = PBXBuildFile; fileRef = 7837B2BA2A0C031A00FA9D0F /* AppCoordinator.swift */; };
		7837B2BF2A0C036D00FA9D0F /* Coordinator.swift in Sources */ = {isa = PBXBuildFile; fileRef = 7837B2BE2A0C036D00FA9D0F /* Coordinator.swift */; };
		7837B2C22A0C045E00FA9D0F /* NavigationController.swift in Sources */ = {isa = PBXBuildFile; fileRef = 7837B2C12A0C045E00FA9D0F /* NavigationController.swift */; };
		7837B2C72A0C05FE00FA9D0F /* ViewControllerFactory.swift in Sources */ = {isa = PBXBuildFile; fileRef = 7837B2C62A0C05FE00FA9D0F /* ViewControllerFactory.swift */; };
		7837B2CB2A0C075600FA9D0F /* UIStoryboard+AvailableStoryboards.swift in Sources */ = {isa = PBXBuildFile; fileRef = 7837B2CA2A0C075600FA9D0F /* UIStoryboard+AvailableStoryboards.swift */; };
		7837B2CF2A0C094100FA9D0F /* Environment.swift in Sources */ = {isa = PBXBuildFile; fileRef = 7837B2CE2A0C094100FA9D0F /* Environment.swift */; };
		7837B2D12A0C098300FA9D0F /* NetworkError.swift in Sources */ = {isa = PBXBuildFile; fileRef = 7837B2D02A0C098300FA9D0F /* NetworkError.swift */; };
		7837B2D32A0C0A0800FA9D0F /* NetworkProvider.swift in Sources */ = {isa = PBXBuildFile; fileRef = 7837B2D22A0C0A0800FA9D0F /* NetworkProvider.swift */; };
		7837B2D52A0C0A2600FA9D0F /* NetworkService.swift in Sources */ = {isa = PBXBuildFile; fileRef = 7837B2D42A0C0A2600FA9D0F /* NetworkService.swift */; };
		7837B2D72A0C0A4F00FA9D0F /* SessionManager.swift in Sources */ = {isa = PBXBuildFile; fileRef = 7837B2D62A0C0A4F00FA9D0F /* SessionManager.swift */; };
		7837B2D92A0C0A6C00FA9D0F /* SessionProtocol.swift in Sources */ = {isa = PBXBuildFile; fileRef = 7837B2D82A0C0A6C00FA9D0F /* SessionProtocol.swift */; };
		7837B2DB2A0C0E8E00FA9D0F /* Services.swift in Sources */ = {isa = PBXBuildFile; fileRef = 7837B2DA2A0C0E8E00FA9D0F /* Services.swift */; };
		7837B2DE2A0C127F00FA9D0F /* MusicNetworkService.swift in Sources */ = {isa = PBXBuildFile; fileRef = 7837B2DD2A0C127F00FA9D0F /* MusicNetworkService.swift */; };
		7837B2E02A0C12B500FA9D0F /* CommonNetworkService.swift in Sources */ = {isa = PBXBuildFile; fileRef = 7837B2DF2A0C12B500FA9D0F /* CommonNetworkService.swift */; };
		7837B2E22A0C184B00FA9D0F /* SearchViewModel.swift in Sources */ = {isa = PBXBuildFile; fileRef = 7837B2E12A0C184B00FA9D0F /* SearchViewModel.swift */; };
		7837B2E42A0C189400FA9D0F /* ViewModelProtocol.swift in Sources */ = {isa = PBXBuildFile; fileRef = 7837B2E32A0C189400FA9D0F /* ViewModelProtocol.swift */; };
		7837B2E62A0C18D700FA9D0F /* MusicModel.swift in Sources */ = {isa = PBXBuildFile; fileRef = 7837B2E52A0C18D700FA9D0F /* MusicModel.swift */; };
		7837B2E92A0C1ABB00FA9D0F /* MusicRepositoryProtocol.swift in Sources */ = {isa = PBXBuildFile; fileRef = 7837B2E82A0C1ABB00FA9D0F /* MusicRepositoryProtocol.swift */; };
		7837B2EB2A0C1B0700FA9D0F /* MusicRepository.swift in Sources */ = {isa = PBXBuildFile; fileRef = 7837B2EA2A0C1B0700FA9D0F /* MusicRepository.swift */; };
		7837B2EE2A0C411800FA9D0F /* MusicList.swift in Sources */ = {isa = PBXBuildFile; fileRef = 7837B2ED2A0C411800FA9D0F /* MusicList.swift */; };
		7837B2F12A0CE95E00FA9D0F /* TableViewDataSource.swift in Sources */ = {isa = PBXBuildFile; fileRef = 7837B2F02A0CE95D00FA9D0F /* TableViewDataSource.swift */; };
		7837B2F32A0CE97800FA9D0F /* TableViewCell.swift in Sources */ = {isa = PBXBuildFile; fileRef = 7837B2F22A0CE97800FA9D0F /* TableViewCell.swift */; };
		7837B2F62A0CEA0E00FA9D0F /* MusicCell.swift in Sources */ = {isa = PBXBuildFile; fileRef = 7837B2F52A0CEA0E00FA9D0F /* MusicCell.swift */; };
		7837B2F82A0CEBC100FA9D0F /* MusicCell.xib in Resources */ = {isa = PBXBuildFile; fileRef = 7837B2F72A0CEBC000FA9D0F /* MusicCell.xib */; };
		7837B3002A0D137800FA9D0F /* ImageCacheService.swift in Sources */ = {isa = PBXBuildFile; fileRef = 7837B2FF2A0D137800FA9D0F /* ImageCacheService.swift */; };
		7837B3022A0D25BD00FA9D0F /* Localizable.strings in Resources */ = {isa = PBXBuildFile; fileRef = 7837B3012A0D25BD00FA9D0F /* Localizable.strings */; };
		7837B3042A0D260200FA9D0F /* String+Localizable.swift in Sources */ = {isa = PBXBuildFile; fileRef = 7837B3032A0D260200FA9D0F /* String+Localizable.swift */; };
		7837B3092A0D2A4B00FA9D0F /* URLSessionDataTaskMock.swift in Sources */ = {isa = PBXBuildFile; fileRef = 7837B3082A0D2A4B00FA9D0F /* URLSessionDataTaskMock.swift */; };
		7837B30B2A0D2A7100FA9D0F /* URLSessionMock.swift in Sources */ = {isa = PBXBuildFile; fileRef = 7837B30A2A0D2A7100FA9D0F /* URLSessionMock.swift */; };
		7837B30D2A0D2A8900FA9D0F /* NetworkProviderMock.swift in Sources */ = {isa = PBXBuildFile; fileRef = 7837B30C2A0D2A8900FA9D0F /* NetworkProviderMock.swift */; };
		7837B3102A0D2DB900FA9D0F /* SearchViewModelTests.swift in Sources */ = {isa = PBXBuildFile; fileRef = 7837B30F2A0D2DB900FA9D0F /* SearchViewModelTests.swift */; };
		7837B3122A0D2E6900FA9D0F /* MusicRepositoryMock.swift in Sources */ = {isa = PBXBuildFile; fileRef = 7837B3112A0D2E6900FA9D0F /* MusicRepositoryMock.swift */; };
		7837B3182A0D2F7000FA9D0F /* XCTestCase+AwaitPublisher.swift in Sources */ = {isa = PBXBuildFile; fileRef = 7837B3172A0D2F7000FA9D0F /* XCTestCase+AwaitPublisher.swift */; };
		7837B31C2A0D321400FA9D0F /* ServicesDouble.swift in Sources */ = {isa = PBXBuildFile; fileRef = 7837B31B2A0D321400FA9D0F /* ServicesDouble.swift */; };
		7882F62D2A0D6930005416D0 /* MusicCellTests.swift in Sources */ = {isa = PBXBuildFile; fileRef = 7882F62C2A0D6930005416D0 /* MusicCellTests.swift */; };
		7882F62F2A0D6F94005416D0 /* UIView+LoadFromNib.swift in Sources */ = {isa = PBXBuildFile; fileRef = 7882F62E2A0D6F94005416D0 /* UIView+LoadFromNib.swift */; };
		7882F6312A0D7040005416D0 /* MusicModelDouble.swift in Sources */ = {isa = PBXBuildFile; fileRef = 7882F6302A0D7040005416D0 /* MusicModelDouble.swift */; };
		78C8DED52A0D503200609ADE /* sample_music.json in Resources */ = {isa = PBXBuildFile; fileRef = 78C8DED42A0D503200609ADE /* sample_music.json */; };
		78C8DED72A0D640F00609ADE /* SearchViewControllerTests.swift in Sources */ = {isa = PBXBuildFile; fileRef = 78C8DED62A0D640F00609ADE /* SearchViewControllerTests.swift */; };
		78C8DED92A0D64E100609ADE /* AppCoordinationTests.swift in Sources */ = {isa = PBXBuildFile; fileRef = 78C8DED82A0D64E100609ADE /* AppCoordinationTests.swift */; };
/* End PBXBuildFile section */

/* Begin PBXContainerItemProxy section */
		7837B2952A0BFA8100FA9D0F /* PBXContainerItemProxy */ = {
			isa = PBXContainerItemProxy;
			containerPortal = 7837B2762A0BFA7D00FA9D0F /* Project object */;
			proxyType = 1;
			remoteGlobalIDString = 7837B27D2A0BFA7E00FA9D0F;
			remoteInfo = unwire;
		};
		7837B29F2A0BFA8100FA9D0F /* PBXContainerItemProxy */ = {
			isa = PBXContainerItemProxy;
			containerPortal = 7837B2762A0BFA7D00FA9D0F /* Project object */;
			proxyType = 1;
			remoteGlobalIDString = 7837B27D2A0BFA7E00FA9D0F;
			remoteInfo = unwire;
		};
/* End PBXContainerItemProxy section */

/* Begin PBXFileReference section */
		7837B27E2A0BFA7E00FA9D0F /* Unwire.app */ = {isa = PBXFileReference; explicitFileType = wrapper.application; includeInIndex = 0; path = Unwire.app; sourceTree = BUILT_PRODUCTS_DIR; };
		7837B2812A0BFA7E00FA9D0F /* AppDelegate.swift */ = {isa = PBXFileReference; lastKnownFileType = sourcecode.swift; path = AppDelegate.swift; sourceTree = "<group>"; };
		7837B2882A0BFA7E00FA9D0F /* Base */ = {isa = PBXFileReference; lastKnownFileType = file.storyboard; name = Base; path = Base.lproj/Main.storyboard; sourceTree = "<group>"; };
		7837B28A2A0BFA8100FA9D0F /* Assets.xcassets */ = {isa = PBXFileReference; lastKnownFileType = folder.assetcatalog; path = Assets.xcassets; sourceTree = "<group>"; };
		7837B28D2A0BFA8100FA9D0F /* Base */ = {isa = PBXFileReference; lastKnownFileType = file.storyboard; name = Base; path = Base.lproj/LaunchScreen.storyboard; sourceTree = "<group>"; };
		7837B28F2A0BFA8100FA9D0F /* Info.plist */ = {isa = PBXFileReference; lastKnownFileType = text.plist.xml; path = Info.plist; sourceTree = "<group>"; };
		7837B2942A0BFA8100FA9D0F /* UnwireTests.xctest */ = {isa = PBXFileReference; explicitFileType = wrapper.cfbundle; includeInIndex = 0; path = UnwireTests.xctest; sourceTree = BUILT_PRODUCTS_DIR; };
		7837B2982A0BFA8100FA9D0F /* UnwireTests.swift */ = {isa = PBXFileReference; lastKnownFileType = sourcecode.swift; path = UnwireTests.swift; sourceTree = "<group>"; };
		7837B29E2A0BFA8100FA9D0F /* UnwireUITests.xctest */ = {isa = PBXFileReference; explicitFileType = wrapper.cfbundle; includeInIndex = 0; path = UnwireUITests.xctest; sourceTree = BUILT_PRODUCTS_DIR; };
		7837B2A22A0BFA8100FA9D0F /* UnwireUITests.swift */ = {isa = PBXFileReference; lastKnownFileType = sourcecode.swift; path = UnwireUITests.swift; sourceTree = "<group>"; };
		7837B2A42A0BFA8100FA9D0F /* UnwireUITestsLaunchTests.swift */ = {isa = PBXFileReference; lastKnownFileType = sourcecode.swift; path = UnwireUITestsLaunchTests.swift; sourceTree = "<group>"; };
		7837B2B82A0C016300FA9D0F /* SearchViewController.swift */ = {isa = PBXFileReference; lastKnownFileType = sourcecode.swift; path = SearchViewController.swift; sourceTree = "<group>"; };
		7837B2BA2A0C031A00FA9D0F /* AppCoordinator.swift */ = {isa = PBXFileReference; lastKnownFileType = sourcecode.swift; path = AppCoordinator.swift; sourceTree = "<group>"; };
		7837B2BE2A0C036D00FA9D0F /* Coordinator.swift */ = {isa = PBXFileReference; lastKnownFileType = sourcecode.swift; path = Coordinator.swift; sourceTree = "<group>"; };
		7837B2C12A0C045E00FA9D0F /* NavigationController.swift */ = {isa = PBXFileReference; lastKnownFileType = sourcecode.swift; path = NavigationController.swift; sourceTree = "<group>"; };
		7837B2C62A0C05FE00FA9D0F /* ViewControllerFactory.swift */ = {isa = PBXFileReference; lastKnownFileType = sourcecode.swift; path = ViewControllerFactory.swift; sourceTree = "<group>"; };
		7837B2CA2A0C075600FA9D0F /* UIStoryboard+AvailableStoryboards.swift */ = {isa = PBXFileReference; lastKnownFileType = sourcecode.swift; path = "UIStoryboard+AvailableStoryboards.swift"; sourceTree = "<group>"; };
		7837B2CE2A0C094100FA9D0F /* Environment.swift */ = {isa = PBXFileReference; lastKnownFileType = sourcecode.swift; path = Environment.swift; sourceTree = "<group>"; };
		7837B2D02A0C098300FA9D0F /* NetworkError.swift */ = {isa = PBXFileReference; lastKnownFileType = sourcecode.swift; path = NetworkError.swift; sourceTree = "<group>"; };
		7837B2D22A0C0A0800FA9D0F /* NetworkProvider.swift */ = {isa = PBXFileReference; lastKnownFileType = sourcecode.swift; path = NetworkProvider.swift; sourceTree = "<group>"; };
		7837B2D42A0C0A2600FA9D0F /* NetworkService.swift */ = {isa = PBXFileReference; lastKnownFileType = sourcecode.swift; path = NetworkService.swift; sourceTree = "<group>"; };
		7837B2D62A0C0A4F00FA9D0F /* SessionManager.swift */ = {isa = PBXFileReference; lastKnownFileType = sourcecode.swift; path = SessionManager.swift; sourceTree = "<group>"; };
		7837B2D82A0C0A6C00FA9D0F /* SessionProtocol.swift */ = {isa = PBXFileReference; lastKnownFileType = sourcecode.swift; path = SessionProtocol.swift; sourceTree = "<group>"; };
		7837B2DA2A0C0E8E00FA9D0F /* Services.swift */ = {isa = PBXFileReference; lastKnownFileType = sourcecode.swift; path = Services.swift; sourceTree = "<group>"; };
		7837B2DD2A0C127F00FA9D0F /* MusicNetworkService.swift */ = {isa = PBXFileReference; lastKnownFileType = sourcecode.swift; path = MusicNetworkService.swift; sourceTree = "<group>"; };
		7837B2DF2A0C12B500FA9D0F /* CommonNetworkService.swift */ = {isa = PBXFileReference; lastKnownFileType = sourcecode.swift; path = CommonNetworkService.swift; sourceTree = "<group>"; };
		7837B2E12A0C184B00FA9D0F /* SearchViewModel.swift */ = {isa = PBXFileReference; lastKnownFileType = sourcecode.swift; path = SearchViewModel.swift; sourceTree = "<group>"; };
		7837B2E32A0C189400FA9D0F /* ViewModelProtocol.swift */ = {isa = PBXFileReference; lastKnownFileType = sourcecode.swift; path = ViewModelProtocol.swift; sourceTree = "<group>"; };
		7837B2E52A0C18D700FA9D0F /* MusicModel.swift */ = {isa = PBXFileReference; lastKnownFileType = sourcecode.swift; path = MusicModel.swift; sourceTree = "<group>"; };
		7837B2E82A0C1ABB00FA9D0F /* MusicRepositoryProtocol.swift */ = {isa = PBXFileReference; lastKnownFileType = sourcecode.swift; path = MusicRepositoryProtocol.swift; sourceTree = "<group>"; };
		7837B2EA2A0C1B0700FA9D0F /* MusicRepository.swift */ = {isa = PBXFileReference; lastKnownFileType = sourcecode.swift; path = MusicRepository.swift; sourceTree = "<group>"; };
		7837B2ED2A0C411800FA9D0F /* MusicList.swift */ = {isa = PBXFileReference; lastKnownFileType = sourcecode.swift; path = MusicList.swift; sourceTree = "<group>"; };
		7837B2F02A0CE95D00FA9D0F /* TableViewDataSource.swift */ = {isa = PBXFileReference; lastKnownFileType = sourcecode.swift; path = TableViewDataSource.swift; sourceTree = "<group>"; };
		7837B2F22A0CE97800FA9D0F /* TableViewCell.swift */ = {isa = PBXFileReference; lastKnownFileType = sourcecode.swift; path = TableViewCell.swift; sourceTree = "<group>"; };
		7837B2F52A0CEA0E00FA9D0F /* MusicCell.swift */ = {isa = PBXFileReference; lastKnownFileType = sourcecode.swift; path = MusicCell.swift; sourceTree = "<group>"; };
		7837B2F72A0CEBC000FA9D0F /* MusicCell.xib */ = {isa = PBXFileReference; lastKnownFileType = file.xib; path = MusicCell.xib; sourceTree = "<group>"; };
		7837B2FF2A0D137800FA9D0F /* ImageCacheService.swift */ = {isa = PBXFileReference; lastKnownFileType = sourcecode.swift; path = ImageCacheService.swift; sourceTree = "<group>"; };
		7837B3012A0D25BD00FA9D0F /* Localizable.strings */ = {isa = PBXFileReference; lastKnownFileType = text.plist.strings; path = Localizable.strings; sourceTree = "<group>"; };
		7837B3032A0D260200FA9D0F /* String+Localizable.swift */ = {isa = PBXFileReference; lastKnownFileType = sourcecode.swift; path = "String+Localizable.swift"; sourceTree = "<group>"; };
		7837B3082A0D2A4B00FA9D0F /* URLSessionDataTaskMock.swift */ = {isa = PBXFileReference; lastKnownFileType = sourcecode.swift; path = URLSessionDataTaskMock.swift; sourceTree = "<group>"; };
		7837B30A2A0D2A7100FA9D0F /* URLSessionMock.swift */ = {isa = PBXFileReference; lastKnownFileType = sourcecode.swift; path = URLSessionMock.swift; sourceTree = "<group>"; };
		7837B30C2A0D2A8900FA9D0F /* NetworkProviderMock.swift */ = {isa = PBXFileReference; lastKnownFileType = sourcecode.swift; path = NetworkProviderMock.swift; sourceTree = "<group>"; };
		7837B30F2A0D2DB900FA9D0F /* SearchViewModelTests.swift */ = {isa = PBXFileReference; lastKnownFileType = sourcecode.swift; path = SearchViewModelTests.swift; sourceTree = "<group>"; };
		7837B3112A0D2E6900FA9D0F /* MusicRepositoryMock.swift */ = {isa = PBXFileReference; lastKnownFileType = sourcecode.swift; path = MusicRepositoryMock.swift; sourceTree = "<group>"; };
		7837B3172A0D2F7000FA9D0F /* XCTestCase+AwaitPublisher.swift */ = {isa = PBXFileReference; lastKnownFileType = sourcecode.swift; path = "XCTestCase+AwaitPublisher.swift"; sourceTree = "<group>"; };
		7837B31B2A0D321400FA9D0F /* ServicesDouble.swift */ = {isa = PBXFileReference; lastKnownFileType = sourcecode.swift; path = ServicesDouble.swift; sourceTree = "<group>"; };
		7882F62C2A0D6930005416D0 /* MusicCellTests.swift */ = {isa = PBXFileReference; lastKnownFileType = sourcecode.swift; path = MusicCellTests.swift; sourceTree = "<group>"; };
		7882F62E2A0D6F94005416D0 /* UIView+LoadFromNib.swift */ = {isa = PBXFileReference; lastKnownFileType = sourcecode.swift; path = "UIView+LoadFromNib.swift"; sourceTree = "<group>"; };
		7882F6302A0D7040005416D0 /* MusicModelDouble.swift */ = {isa = PBXFileReference; lastKnownFileType = sourcecode.swift; path = MusicModelDouble.swift; sourceTree = "<group>"; };
		78C8DED42A0D503200609ADE /* sample_music.json */ = {isa = PBXFileReference; fileEncoding = 4; lastKnownFileType = text.json; path = sample_music.json; sourceTree = "<group>"; };
		78C8DED62A0D640F00609ADE /* SearchViewControllerTests.swift */ = {isa = PBXFileReference; lastKnownFileType = sourcecode.swift; path = SearchViewControllerTests.swift; sourceTree = "<group>"; };
		78C8DED82A0D64E100609ADE /* AppCoordinationTests.swift */ = {isa = PBXFileReference; lastKnownFileType = sourcecode.swift; path = AppCoordinationTests.swift; sourceTree = "<group>"; };
/* End PBXFileReference section */

/* Begin PBXFrameworksBuildPhase section */
		7837B27B2A0BFA7E00FA9D0F /* Frameworks */ = {
			isa = PBXFrameworksBuildPhase;
			buildActionMask = 2147483647;
			files = (
			);
			runOnlyForDeploymentPostprocessing = 0;
		};
		7837B2912A0BFA8100FA9D0F /* Frameworks */ = {
			isa = PBXFrameworksBuildPhase;
			buildActionMask = 2147483647;
			files = (
			);
			runOnlyForDeploymentPostprocessing = 0;
		};
		7837B29B2A0BFA8100FA9D0F /* Frameworks */ = {
			isa = PBXFrameworksBuildPhase;
			buildActionMask = 2147483647;
			files = (
			);
			runOnlyForDeploymentPostprocessing = 0;
		};
/* End PBXFrameworksBuildPhase section */

/* Begin PBXGroup section */
		7837B2752A0BFA7D00FA9D0F = {
			isa = PBXGroup;
			children = (
				7837B2802A0BFA7E00FA9D0F /* Unwire */,
				7837B2972A0BFA8100FA9D0F /* UnwireTests */,
				7837B2A12A0BFA8100FA9D0F /* UnwireUITests */,
				7837B27F2A0BFA7E00FA9D0F /* Products */,
			);
			sourceTree = "<group>";
		};
		7837B27F2A0BFA7E00FA9D0F /* Products */ = {
			isa = PBXGroup;
			children = (
				7837B27E2A0BFA7E00FA9D0F /* Unwire.app */,
				7837B2942A0BFA8100FA9D0F /* UnwireTests.xctest */,
				7837B29E2A0BFA8100FA9D0F /* UnwireUITests.xctest */,
			);
			name = Products;
			sourceTree = "<group>";
		};
		7837B2802A0BFA7E00FA9D0F /* Unwire */ = {
			isa = PBXGroup;
			children = (
				7837B2B42A0BFE6800FA9D0F /* App */,
				7837B2B32A0BFE1D00FA9D0F /* Model */,
				7837B2B22A0BFE1000FA9D0F /* ViewModel */,
				7837B2B12A0BFD7C00FA9D0F /* View */,
				7837B2B62A0BFFDA00FA9D0F /* Storyboards */,
				7837B2BC2A0C034500FA9D0F /* UIKitUtils */,
				7837B2CC2A0C089100FA9D0F /* Services */,
				7837B2C92A0C074300FA9D0F /* Extensions */,
			);
			path = Unwire;
			sourceTree = "<group>";
		};
		7837B2972A0BFA8100FA9D0F /* UnwireTests */ = {
			isa = PBXGroup;
			children = (
				7837B3162A0D2F6500FA9D0F /* Extensions */,
				7837B3132A0D2EC200FA9D0F /* Doubles */,
				7837B3052A0D29DD00FA9D0F /* Mocks */,
				7837B30E2A0D2D9F00FA9D0F /* Tests */,
				7837B2982A0BFA8100FA9D0F /* UnwireTests.swift */,
			);
			path = UnwireTests;
			sourceTree = "<group>";
		};
		7837B2A12A0BFA8100FA9D0F /* UnwireUITests */ = {
			isa = PBXGroup;
			children = (
				7837B2A22A0BFA8100FA9D0F /* UnwireUITests.swift */,
				7837B2A42A0BFA8100FA9D0F /* UnwireUITestsLaunchTests.swift */,
			);
			path = UnwireUITests;
			sourceTree = "<group>";
		};
		7837B2B12A0BFD7C00FA9D0F /* View */ = {
			isa = PBXGroup;
			children = (
				7837B2B72A0C002F00FA9D0F /* SearchViewController */,
			);
			path = View;
			sourceTree = "<group>";
		};
		7837B2B22A0BFE1000FA9D0F /* ViewModel */ = {
			isa = PBXGroup;
			children = (
				7837B2E12A0C184B00FA9D0F /* SearchViewModel.swift */,
				7837B2E32A0C189400FA9D0F /* ViewModelProtocol.swift */,
			);
			path = ViewModel;
			sourceTree = "<group>";
		};
		7837B2B32A0BFE1D00FA9D0F /* Model */ = {
			isa = PBXGroup;
			children = (
				7837B2EC2A0C410E00FA9D0F /* Music */,
			);
			path = Model;
			sourceTree = "<group>";
		};
		7837B2B42A0BFE6800FA9D0F /* App */ = {
			isa = PBXGroup;
			children = (
				78C8DED32A0D4EDF00609ADE /* Samples */,
				7837B2B52A0BFE7500FA9D0F /* SupportingFiles */,
				7837B2812A0BFA7E00FA9D0F /* AppDelegate.swift */,
				7837B2BA2A0C031A00FA9D0F /* AppCoordinator.swift */,
			);
			path = App;
			sourceTree = "<group>";
		};
		7837B2B52A0BFE7500FA9D0F /* SupportingFiles */ = {
			isa = PBXGroup;
			children = (
				7837B28F2A0BFA8100FA9D0F /* Info.plist */,
				7837B28A2A0BFA8100FA9D0F /* Assets.xcassets */,
				7837B3012A0D25BD00FA9D0F /* Localizable.strings */,
			);
			path = SupportingFiles;
			sourceTree = "<group>";
		};
		7837B2B62A0BFFDA00FA9D0F /* Storyboards */ = {
			isa = PBXGroup;
			children = (
				7837B28C2A0BFA8100FA9D0F /* LaunchScreen.storyboard */,
				7837B2872A0BFA7E00FA9D0F /* Main.storyboard */,
			);
			path = Storyboards;
			sourceTree = "<group>";
		};
		7837B2B72A0C002F00FA9D0F /* SearchViewController */ = {
			isa = PBXGroup;
			children = (
				7837B2F42A0CEA0200FA9D0F /* Cells */,
				7837B2B82A0C016300FA9D0F /* SearchViewController.swift */,
			);
			path = SearchViewController;
			sourceTree = "<group>";
		};
		7837B2BC2A0C034500FA9D0F /* UIKitUtils */ = {
			isa = PBXGroup;
			children = (
				7837B2EF2A0CE91E00FA9D0F /* TableView */,
				7837B2C52A0C05E000FA9D0F /* UIViewController */,
				7837B2C02A0C045500FA9D0F /* NavigationController */,
				7837B2BD2A0C035800FA9D0F /* Coordinator */,
			);
			path = UIKitUtils;
			sourceTree = "<group>";
		};
		7837B2BD2A0C035800FA9D0F /* Coordinator */ = {
			isa = PBXGroup;
			children = (
				7837B2BE2A0C036D00FA9D0F /* Coordinator.swift */,
			);
			path = Coordinator;
			sourceTree = "<group>";
		};
		7837B2C02A0C045500FA9D0F /* NavigationController */ = {
			isa = PBXGroup;
			children = (
				7837B2C12A0C045E00FA9D0F /* NavigationController.swift */,
			);
			path = NavigationController;
			sourceTree = "<group>";
		};
		7837B2C52A0C05E000FA9D0F /* UIViewController */ = {
			isa = PBXGroup;
			children = (
				7837B2C62A0C05FE00FA9D0F /* ViewControllerFactory.swift */,
			);
			path = UIViewController;
			sourceTree = "<group>";
		};
		7837B2C92A0C074300FA9D0F /* Extensions */ = {
			isa = PBXGroup;
			children = (
				7837B2CA2A0C075600FA9D0F /* UIStoryboard+AvailableStoryboards.swift */,
				7837B3032A0D260200FA9D0F /* String+Localizable.swift */,
			);
			path = Extensions;
			sourceTree = "<group>";
		};
		7837B2CC2A0C089100FA9D0F /* Services */ = {
			isa = PBXGroup;
			children = (
				7837B2FC2A0D132F00FA9D0F /* ImageCache */,
				7837B2FB2A0D132500FA9D0F /* Network */,
				7837B2DA2A0C0E8E00FA9D0F /* Services.swift */,
			);
			path = Services;
			sourceTree = "<group>";
		};
		7837B2CD2A0C092A00FA9D0F /* NetworkProvider */ = {
			isa = PBXGroup;
			children = (
				7837B2CE2A0C094100FA9D0F /* Environment.swift */,
				7837B2D02A0C098300FA9D0F /* NetworkError.swift */,
				7837B2D22A0C0A0800FA9D0F /* NetworkProvider.swift */,
				7837B2D42A0C0A2600FA9D0F /* NetworkService.swift */,
				7837B2D62A0C0A4F00FA9D0F /* SessionManager.swift */,
				7837B2D82A0C0A6C00FA9D0F /* SessionProtocol.swift */,
			);
			path = NetworkProvider;
			sourceTree = "<group>";
		};
		7837B2DC2A0C126500FA9D0F /* NetworkServices */ = {
			isa = PBXGroup;
			children = (
				7837B2E72A0C1A9100FA9D0F /* Repository */,
				7837B2DF2A0C12B500FA9D0F /* CommonNetworkService.swift */,
				7837B2DD2A0C127F00FA9D0F /* MusicNetworkService.swift */,
			);
			path = NetworkServices;
			sourceTree = "<group>";
		};
		7837B2E72A0C1A9100FA9D0F /* Repository */ = {
			isa = PBXGroup;
			children = (
				7837B2E82A0C1ABB00FA9D0F /* MusicRepositoryProtocol.swift */,
				7837B2EA2A0C1B0700FA9D0F /* MusicRepository.swift */,
			);
			path = Repository;
			sourceTree = "<group>";
		};
		7837B2EC2A0C410E00FA9D0F /* Music */ = {
			isa = PBXGroup;
			children = (
				7837B2E52A0C18D700FA9D0F /* MusicModel.swift */,
				7837B2ED2A0C411800FA9D0F /* MusicList.swift */,
			);
			path = Music;
			sourceTree = "<group>";
		};
		7837B2EF2A0CE91E00FA9D0F /* TableView */ = {
			isa = PBXGroup;
			children = (
				7837B2F02A0CE95D00FA9D0F /* TableViewDataSource.swift */,
				7837B2F22A0CE97800FA9D0F /* TableViewCell.swift */,
			);
			path = TableView;
			sourceTree = "<group>";
		};
		7837B2F42A0CEA0200FA9D0F /* Cells */ = {
			isa = PBXGroup;
			children = (
				7837B2F52A0CEA0E00FA9D0F /* MusicCell.swift */,
				7837B2F72A0CEBC000FA9D0F /* MusicCell.xib */,
			);
			path = Cells;
			sourceTree = "<group>";
		};
		7837B2FB2A0D132500FA9D0F /* Network */ = {
			isa = PBXGroup;
			children = (
				7837B2DC2A0C126500FA9D0F /* NetworkServices */,
				7837B2CD2A0C092A00FA9D0F /* NetworkProvider */,
			);
			path = Network;
			sourceTree = "<group>";
		};
		7837B2FC2A0D132F00FA9D0F /* ImageCache */ = {
			isa = PBXGroup;
			children = (
				7837B2FF2A0D137800FA9D0F /* ImageCacheService.swift */,
			);
			path = ImageCache;
			sourceTree = "<group>";
		};
		7837B3052A0D29DD00FA9D0F /* Mocks */ = {
			isa = PBXGroup;
			children = (
				7837B3082A0D2A4B00FA9D0F /* URLSessionDataTaskMock.swift */,
				7837B30A2A0D2A7100FA9D0F /* URLSessionMock.swift */,
				7837B30C2A0D2A8900FA9D0F /* NetworkProviderMock.swift */,
				7837B3112A0D2E6900FA9D0F /* MusicRepositoryMock.swift */,
			);
			path = Mocks;
			sourceTree = "<group>";
		};
		7837B30E2A0D2D9F00FA9D0F /* Tests */ = {
			isa = PBXGroup;
			children = (
				7837B30F2A0D2DB900FA9D0F /* SearchViewModelTests.swift */,
				78C8DED62A0D640F00609ADE /* SearchViewControllerTests.swift */,
				78C8DED82A0D64E100609ADE /* AppCoordinationTests.swift */,
				7882F62C2A0D6930005416D0 /* MusicCellTests.swift */,
			);
			path = Tests;
			sourceTree = "<group>";
		};
		7837B3132A0D2EC200FA9D0F /* Doubles */ = {
			isa = PBXGroup;
			children = (
				7837B31B2A0D321400FA9D0F /* ServicesDouble.swift */,
				7882F6302A0D7040005416D0 /* MusicModelDouble.swift */,
			);
			path = Doubles;
			sourceTree = "<group>";
		};
		7837B3162A0D2F6500FA9D0F /* Extensions */ = {
			isa = PBXGroup;
			children = (
				7837B3172A0D2F7000FA9D0F /* XCTestCase+AwaitPublisher.swift */,
				7882F62E2A0D6F94005416D0 /* UIView+LoadFromNib.swift */,
			);
			path = Extensions;
			sourceTree = "<group>";
		};
		78C8DED32A0D4EDF00609ADE /* Samples */ = {
			isa = PBXGroup;
			children = (
				78C8DED42A0D503200609ADE /* sample_music.json */,
			);
			path = "\U0010Samples";
			sourceTree = "<group>";
		};
/* End PBXGroup section */

/* Begin PBXNativeTarget section */
		7837B27D2A0BFA7E00FA9D0F /* Unwire */ = {
			isa = PBXNativeTarget;
			buildConfigurationList = 7837B2A82A0BFA8100FA9D0F /* Build configuration list for PBXNativeTarget "Unwire" */;
			buildPhases = (
				7837B27A2A0BFA7E00FA9D0F /* Sources */,
				7837B27B2A0BFA7E00FA9D0F /* Frameworks */,
				7837B27C2A0BFA7E00FA9D0F /* Resources */,
			);
			buildRules = (
			);
			dependencies = (
			);
			name = Unwire;
			productName = unwire;
			productReference = 7837B27E2A0BFA7E00FA9D0F /* Unwire.app */;
			productType = "com.apple.product-type.application";
		};
		7837B2932A0BFA8100FA9D0F /* UnwireTests */ = {
			isa = PBXNativeTarget;
			buildConfigurationList = 7837B2AB2A0BFA8100FA9D0F /* Build configuration list for PBXNativeTarget "UnwireTests" */;
			buildPhases = (
				7837B2902A0BFA8100FA9D0F /* Sources */,
				7837B2912A0BFA8100FA9D0F /* Frameworks */,
				7837B2922A0BFA8100FA9D0F /* Resources */,
			);
			buildRules = (
			);
			dependencies = (
				7837B2962A0BFA8100FA9D0F /* PBXTargetDependency */,
			);
			name = UnwireTests;
			productName = unwireTests;
			productReference = 7837B2942A0BFA8100FA9D0F /* UnwireTests.xctest */;
			productType = "com.apple.product-type.bundle.unit-test";
		};
		7837B29D2A0BFA8100FA9D0F /* UnwireUITests */ = {
			isa = PBXNativeTarget;
			buildConfigurationList = 7837B2AE2A0BFA8100FA9D0F /* Build configuration list for PBXNativeTarget "UnwireUITests" */;
			buildPhases = (
				7837B29A2A0BFA8100FA9D0F /* Sources */,
				7837B29B2A0BFA8100FA9D0F /* Frameworks */,
				7837B29C2A0BFA8100FA9D0F /* Resources */,
			);
			buildRules = (
			);
			dependencies = (
				7837B2A02A0BFA8100FA9D0F /* PBXTargetDependency */,
			);
			name = UnwireUITests;
			productName = unwireUITests;
			productReference = 7837B29E2A0BFA8100FA9D0F /* UnwireUITests.xctest */;
			productType = "com.apple.product-type.bundle.ui-testing";
		};
/* End PBXNativeTarget section */

/* Begin PBXProject section */
		7837B2762A0BFA7D00FA9D0F /* Project object */ = {
			isa = PBXProject;
			attributes = {
				BuildIndependentTargetsInParallel = 1;
				LastSwiftUpdateCheck = 1430;
				LastUpgradeCheck = 1430;
				TargetAttributes = {
					7837B27D2A0BFA7E00FA9D0F = {
						CreatedOnToolsVersion = 14.3;
					};
					7837B2932A0BFA8100FA9D0F = {
						CreatedOnToolsVersion = 14.3;
						TestTargetID = 7837B27D2A0BFA7E00FA9D0F;
					};
					7837B29D2A0BFA8100FA9D0F = {
						CreatedOnToolsVersion = 14.3;
						TestTargetID = 7837B27D2A0BFA7E00FA9D0F;
					};
				};
			};
			buildConfigurationList = 7837B2792A0BFA7D00FA9D0F /* Build configuration list for PBXProject "Unwire" */;
			compatibilityVersion = "Xcode 14.0";
			developmentRegion = en;
			hasScannedForEncodings = 0;
			knownRegions = (
				en,
				Base,
			);
			mainGroup = 7837B2752A0BFA7D00FA9D0F;
			productRefGroup = 7837B27F2A0BFA7E00FA9D0F /* Products */;
			projectDirPath = "";
			projectRoot = "";
			targets = (
				7837B27D2A0BFA7E00FA9D0F /* Unwire */,
				7837B2932A0BFA8100FA9D0F /* UnwireTests */,
				7837B29D2A0BFA8100FA9D0F /* UnwireUITests */,
			);
		};
/* End PBXProject section */

/* Begin PBXResourcesBuildPhase section */
		7837B27C2A0BFA7E00FA9D0F /* Resources */ = {
			isa = PBXResourcesBuildPhase;
			buildActionMask = 2147483647;
			files = (
				7837B3022A0D25BD00FA9D0F /* Localizable.strings in Resources */,
				7837B28E2A0BFA8100FA9D0F /* LaunchScreen.storyboard in Resources */,
				7837B28B2A0BFA8100FA9D0F /* Assets.xcassets in Resources */,
				7837B2892A0BFA7E00FA9D0F /* Main.storyboard in Resources */,
				7837B2F82A0CEBC100FA9D0F /* MusicCell.xib in Resources */,
				78C8DED52A0D503200609ADE /* sample_music.json in Resources */,
			);
			runOnlyForDeploymentPostprocessing = 0;
		};
		7837B2922A0BFA8100FA9D0F /* Resources */ = {
			isa = PBXResourcesBuildPhase;
			buildActionMask = 2147483647;
			files = (
			);
			runOnlyForDeploymentPostprocessing = 0;
		};
		7837B29C2A0BFA8100FA9D0F /* Resources */ = {
			isa = PBXResourcesBuildPhase;
			buildActionMask = 2147483647;
			files = (
			);
			runOnlyForDeploymentPostprocessing = 0;
		};
/* End PBXResourcesBuildPhase section */

/* Begin PBXSourcesBuildPhase section */
		7837B27A2A0BFA7E00FA9D0F /* Sources */ = {
			isa = PBXSourcesBuildPhase;
			buildActionMask = 2147483647;
			files = (
				7837B2D52A0C0A2600FA9D0F /* NetworkService.swift in Sources */,
				7837B2D92A0C0A6C00FA9D0F /* SessionProtocol.swift in Sources */,
				7837B2BF2A0C036D00FA9D0F /* Coordinator.swift in Sources */,
				7837B2E62A0C18D700FA9D0F /* MusicModel.swift in Sources */,
				7837B2DB2A0C0E8E00FA9D0F /* Services.swift in Sources */,
				7837B2CF2A0C094100FA9D0F /* Environment.swift in Sources */,
				7837B2C22A0C045E00FA9D0F /* NavigationController.swift in Sources */,
				7837B2D32A0C0A0800FA9D0F /* NetworkProvider.swift in Sources */,
				7837B2DE2A0C127F00FA9D0F /* MusicNetworkService.swift in Sources */,
				7837B2F32A0CE97800FA9D0F /* TableViewCell.swift in Sources */,
				7837B2EE2A0C411800FA9D0F /* MusicList.swift in Sources */,
				7837B2E42A0C189400FA9D0F /* ViewModelProtocol.swift in Sources */,
				7837B2EB2A0C1B0700FA9D0F /* MusicRepository.swift in Sources */,
				7837B2BB2A0C031A00FA9D0F /* AppCoordinator.swift in Sources */,
				7837B2E02A0C12B500FA9D0F /* CommonNetworkService.swift in Sources */,
				7837B2CB2A0C075600FA9D0F /* UIStoryboard+AvailableStoryboards.swift in Sources */,
				7837B2F12A0CE95E00FA9D0F /* TableViewDataSource.swift in Sources */,
				7837B3002A0D137800FA9D0F /* ImageCacheService.swift in Sources */,
				7837B2C72A0C05FE00FA9D0F /* ViewControllerFactory.swift in Sources */,
				7837B2D72A0C0A4F00FA9D0F /* SessionManager.swift in Sources */,
				7837B2E92A0C1ABB00FA9D0F /* MusicRepositoryProtocol.swift in Sources */,
				7837B2F62A0CEA0E00FA9D0F /* MusicCell.swift in Sources */,
				7837B2D12A0C098300FA9D0F /* NetworkError.swift in Sources */,
				7837B3042A0D260200FA9D0F /* String+Localizable.swift in Sources */,
				7837B2E22A0C184B00FA9D0F /* SearchViewModel.swift in Sources */,
				7837B2B92A0C016300FA9D0F /* SearchViewController.swift in Sources */,
				7837B2822A0BFA7E00FA9D0F /* AppDelegate.swift in Sources */,
			);
			runOnlyForDeploymentPostprocessing = 0;
		};
		7837B2902A0BFA8100FA9D0F /* Sources */ = {
			isa = PBXSourcesBuildPhase;
			buildActionMask = 2147483647;
			files = (
				7837B3182A0D2F7000FA9D0F /* XCTestCase+AwaitPublisher.swift in Sources */,
				7837B30B2A0D2A7100FA9D0F /* URLSessionMock.swift in Sources */,
				7882F62D2A0D6930005416D0 /* MusicCellTests.swift in Sources */,
				7837B30D2A0D2A8900FA9D0F /* NetworkProviderMock.swift in Sources */,
				7837B2992A0BFA8100FA9D0F /* UnwireTests.swift in Sources */,
				7837B31C2A0D321400FA9D0F /* ServicesDouble.swift in Sources */,
				78C8DED92A0D64E100609ADE /* AppCoordinationTests.swift in Sources */,
				78C8DED72A0D640F00609ADE /* SearchViewControllerTests.swift in Sources */,
				7882F62F2A0D6F94005416D0 /* UIView+LoadFromNib.swift in Sources */,
				7837B3102A0D2DB900FA9D0F /* SearchViewModelTests.swift in Sources */,
				7837B3092A0D2A4B00FA9D0F /* URLSessionDataTaskMock.swift in Sources */,
				7882F6312A0D7040005416D0 /* MusicModelDouble.swift in Sources */,
				7837B3122A0D2E6900FA9D0F /* MusicRepositoryMock.swift in Sources */,
			);
			runOnlyForDeploymentPostprocessing = 0;
		};
		7837B29A2A0BFA8100FA9D0F /* Sources */ = {
			isa = PBXSourcesBuildPhase;
			buildActionMask = 2147483647;
			files = (
				7837B2A52A0BFA8100FA9D0F /* UnwireUITestsLaunchTests.swift in Sources */,
				7837B2A32A0BFA8100FA9D0F /* UnwireUITests.swift in Sources */,
			);
			runOnlyForDeploymentPostprocessing = 0;
		};
/* End PBXSourcesBuildPhase section */

/* Begin PBXTargetDependency section */
		7837B2962A0BFA8100FA9D0F /* PBXTargetDependency */ = {
			isa = PBXTargetDependency;
			target = 7837B27D2A0BFA7E00FA9D0F /* Unwire */;
			targetProxy = 7837B2952A0BFA8100FA9D0F /* PBXContainerItemProxy */;
		};
		7837B2A02A0BFA8100FA9D0F /* PBXTargetDependency */ = {
			isa = PBXTargetDependency;
			target = 7837B27D2A0BFA7E00FA9D0F /* Unwire */;
			targetProxy = 7837B29F2A0BFA8100FA9D0F /* PBXContainerItemProxy */;
		};
/* End PBXTargetDependency section */

/* Begin PBXVariantGroup section */
		7837B2872A0BFA7E00FA9D0F /* Main.storyboard */ = {
			isa = PBXVariantGroup;
			children = (
				7837B2882A0BFA7E00FA9D0F /* Base */,
			);
			name = Main.storyboard;
			sourceTree = "<group>";
		};
		7837B28C2A0BFA8100FA9D0F /* LaunchScreen.storyboard */ = {
			isa = PBXVariantGroup;
			children = (
				7837B28D2A0BFA8100FA9D0F /* Base */,
			);
			name = LaunchScreen.storyboard;
			sourceTree = "<group>";
		};
/* End PBXVariantGroup section */

/* Begin XCBuildConfiguration section */
		7837B2A62A0BFA8100FA9D0F /* Debug */ = {
			isa = XCBuildConfiguration;
			buildSettings = {
				ALWAYS_SEARCH_USER_PATHS = NO;
				CLANG_ANALYZER_NONNULL = YES;
				CLANG_ANALYZER_NUMBER_OBJECT_CONVERSION = YES_AGGRESSIVE;
				CLANG_CXX_LANGUAGE_STANDARD = "gnu++20";
				CLANG_ENABLE_MODULES = YES;
				CLANG_ENABLE_OBJC_ARC = YES;
				CLANG_ENABLE_OBJC_WEAK = YES;
				CLANG_WARN_BLOCK_CAPTURE_AUTORELEASING = YES;
				CLANG_WARN_BOOL_CONVERSION = YES;
				CLANG_WARN_COMMA = YES;
				CLANG_WARN_CONSTANT_CONVERSION = YES;
				CLANG_WARN_DEPRECATED_OBJC_IMPLEMENTATIONS = YES;
				CLANG_WARN_DIRECT_OBJC_ISA_USAGE = YES_ERROR;
				CLANG_WARN_DOCUMENTATION_COMMENTS = YES;
				CLANG_WARN_EMPTY_BODY = YES;
				CLANG_WARN_ENUM_CONVERSION = YES;
				CLANG_WARN_INFINITE_RECURSION = YES;
				CLANG_WARN_INT_CONVERSION = YES;
				CLANG_WARN_NON_LITERAL_NULL_CONVERSION = YES;
				CLANG_WARN_OBJC_IMPLICIT_RETAIN_SELF = YES;
				CLANG_WARN_OBJC_LITERAL_CONVERSION = YES;
				CLANG_WARN_OBJC_ROOT_CLASS = YES_ERROR;
				CLANG_WARN_QUOTED_INCLUDE_IN_FRAMEWORK_HEADER = YES;
				CLANG_WARN_RANGE_LOOP_ANALYSIS = YES;
				CLANG_WARN_STRICT_PROTOTYPES = YES;
				CLANG_WARN_SUSPICIOUS_MOVE = YES;
				CLANG_WARN_UNGUARDED_AVAILABILITY = YES_AGGRESSIVE;
				CLANG_WARN_UNREACHABLE_CODE = YES;
				CLANG_WARN__DUPLICATE_METHOD_MATCH = YES;
				COPY_PHASE_STRIP = NO;
				DEBUG_INFORMATION_FORMAT = dwarf;
				ENABLE_STRICT_OBJC_MSGSEND = YES;
				ENABLE_TESTABILITY = YES;
				GCC_C_LANGUAGE_STANDARD = gnu11;
				GCC_DYNAMIC_NO_PIC = NO;
				GCC_NO_COMMON_BLOCKS = YES;
				GCC_OPTIMIZATION_LEVEL = 0;
				GCC_PREPROCESSOR_DEFINITIONS = (
					"DEBUG=1",
					"$(inherited)",
				);
				GCC_WARN_64_TO_32_BIT_CONVERSION = YES;
				GCC_WARN_ABOUT_RETURN_TYPE = YES_ERROR;
				GCC_WARN_UNDECLARED_SELECTOR = YES;
				GCC_WARN_UNINITIALIZED_AUTOS = YES_AGGRESSIVE;
				GCC_WARN_UNUSED_FUNCTION = YES;
				GCC_WARN_UNUSED_VARIABLE = YES;
				IPHONEOS_DEPLOYMENT_TARGET = 16.4;
				MTL_ENABLE_DEBUG_INFO = INCLUDE_SOURCE;
				MTL_FAST_MATH = YES;
				ONLY_ACTIVE_ARCH = YES;
				SDKROOT = iphoneos;
				SWIFT_ACTIVE_COMPILATION_CONDITIONS = DEBUG;
				SWIFT_OPTIMIZATION_LEVEL = "-Onone";
			};
			name = Debug;
		};
		7837B2A72A0BFA8100FA9D0F /* Release */ = {
			isa = XCBuildConfiguration;
			buildSettings = {
				ALWAYS_SEARCH_USER_PATHS = NO;
				CLANG_ANALYZER_NONNULL = YES;
				CLANG_ANALYZER_NUMBER_OBJECT_CONVERSION = YES_AGGRESSIVE;
				CLANG_CXX_LANGUAGE_STANDARD = "gnu++20";
				CLANG_ENABLE_MODULES = YES;
				CLANG_ENABLE_OBJC_ARC = YES;
				CLANG_ENABLE_OBJC_WEAK = YES;
				CLANG_WARN_BLOCK_CAPTURE_AUTORELEASING = YES;
				CLANG_WARN_BOOL_CONVERSION = YES;
				CLANG_WARN_COMMA = YES;
				CLANG_WARN_CONSTANT_CONVERSION = YES;
				CLANG_WARN_DEPRECATED_OBJC_IMPLEMENTATIONS = YES;
				CLANG_WARN_DIRECT_OBJC_ISA_USAGE = YES_ERROR;
				CLANG_WARN_DOCUMENTATION_COMMENTS = YES;
				CLANG_WARN_EMPTY_BODY = YES;
				CLANG_WARN_ENUM_CONVERSION = YES;
				CLANG_WARN_INFINITE_RECURSION = YES;
				CLANG_WARN_INT_CONVERSION = YES;
				CLANG_WARN_NON_LITERAL_NULL_CONVERSION = YES;
				CLANG_WARN_OBJC_IMPLICIT_RETAIN_SELF = YES;
				CLANG_WARN_OBJC_LITERAL_CONVERSION = YES;
				CLANG_WARN_OBJC_ROOT_CLASS = YES_ERROR;
				CLANG_WARN_QUOTED_INCLUDE_IN_FRAMEWORK_HEADER = YES;
				CLANG_WARN_RANGE_LOOP_ANALYSIS = YES;
				CLANG_WARN_STRICT_PROTOTYPES = YES;
				CLANG_WARN_SUSPICIOUS_MOVE = YES;
				CLANG_WARN_UNGUARDED_AVAILABILITY = YES_AGGRESSIVE;
				CLANG_WARN_UNREACHABLE_CODE = YES;
				CLANG_WARN__DUPLICATE_METHOD_MATCH = YES;
				COPY_PHASE_STRIP = NO;
				DEBUG_INFORMATION_FORMAT = "dwarf-with-dsym";
				ENABLE_NS_ASSERTIONS = NO;
				ENABLE_STRICT_OBJC_MSGSEND = YES;
				GCC_C_LANGUAGE_STANDARD = gnu11;
				GCC_NO_COMMON_BLOCKS = YES;
				GCC_WARN_64_TO_32_BIT_CONVERSION = YES;
				GCC_WARN_ABOUT_RETURN_TYPE = YES_ERROR;
				GCC_WARN_UNDECLARED_SELECTOR = YES;
				GCC_WARN_UNINITIALIZED_AUTOS = YES_AGGRESSIVE;
				GCC_WARN_UNUSED_FUNCTION = YES;
				GCC_WARN_UNUSED_VARIABLE = YES;
				IPHONEOS_DEPLOYMENT_TARGET = 16.4;
				MTL_ENABLE_DEBUG_INFO = NO;
				MTL_FAST_MATH = YES;
				SDKROOT = iphoneos;
				SWIFT_COMPILATION_MODE = wholemodule;
				SWIFT_OPTIMIZATION_LEVEL = "-O";
				VALIDATE_PRODUCT = YES;
			};
			name = Release;
		};
		7837B2A92A0BFA8100FA9D0F /* Debug */ = {
			isa = XCBuildConfiguration;
			buildSettings = {
				ASSETCATALOG_COMPILER_APPICON_NAME = AppIcon;
				ASSETCATALOG_COMPILER_GLOBAL_ACCENT_COLOR_NAME = AccentColor;
				CODE_SIGN_STYLE = Automatic;
				CURRENT_PROJECT_VERSION = 1;
				DEVELOPMENT_TEAM = BUUFKJ6LSY;
				GENERATE_INFOPLIST_FILE = YES;
				INFOPLIST_FILE = Unwire/App/SupportingFiles/Info.plist;
				INFOPLIST_KEY_UIApplicationSupportsIndirectInputEvents = YES;
				INFOPLIST_KEY_UILaunchStoryboardName = LaunchScreen;
				INFOPLIST_KEY_UIMainStoryboardFile = Main;
				INFOPLIST_KEY_UISupportedInterfaceOrientations_iPad = "UIInterfaceOrientationPortrait UIInterfaceOrientationPortraitUpsideDown UIInterfaceOrientationLandscapeLeft UIInterfaceOrientationLandscapeRight";
				INFOPLIST_KEY_UISupportedInterfaceOrientations_iPhone = "UIInterfaceOrientationPortrait UIInterfaceOrientationLandscapeLeft UIInterfaceOrientationLandscapeRight";
				IPHONEOS_DEPLOYMENT_TARGET = 14.0;
				LD_RUNPATH_SEARCH_PATHS = (
					"$(inherited)",
					"@executable_path/Frameworks",
				);
				MARKETING_VERSION = 1.0;
				PRODUCT_BUNDLE_IDENTIFIER = sina.unwire;
				PRODUCT_NAME = "$(TARGET_NAME)";
				SWIFT_EMIT_LOC_STRINGS = YES;
				SWIFT_VERSION = 5.0;
				TARGETED_DEVICE_FAMILY = "1,2";
			};
			name = Debug;
		};
		7837B2AA2A0BFA8100FA9D0F /* Release */ = {
			isa = XCBuildConfiguration;
			buildSettings = {
				ASSETCATALOG_COMPILER_APPICON_NAME = AppIcon;
				ASSETCATALOG_COMPILER_GLOBAL_ACCENT_COLOR_NAME = AccentColor;
				CODE_SIGN_STYLE = Automatic;
				CURRENT_PROJECT_VERSION = 1;
				DEVELOPMENT_TEAM = BUUFKJ6LSY;
				GENERATE_INFOPLIST_FILE = YES;
				INFOPLIST_FILE = Unwire/App/SupportingFiles/Info.plist;
				INFOPLIST_KEY_UIApplicationSupportsIndirectInputEvents = YES;
				INFOPLIST_KEY_UILaunchStoryboardName = LaunchScreen;
				INFOPLIST_KEY_UIMainStoryboardFile = Main;
				INFOPLIST_KEY_UISupportedInterfaceOrientations_iPad = "UIInterfaceOrientationPortrait UIInterfaceOrientationPortraitUpsideDown UIInterfaceOrientationLandscapeLeft UIInterfaceOrientationLandscapeRight";
				INFOPLIST_KEY_UISupportedInterfaceOrientations_iPhone = "UIInterfaceOrientationPortrait UIInterfaceOrientationLandscapeLeft UIInterfaceOrientationLandscapeRight";
				IPHONEOS_DEPLOYMENT_TARGET = 14.0;
				LD_RUNPATH_SEARCH_PATHS = (
					"$(inherited)",
					"@executable_path/Frameworks",
				);
				MARKETING_VERSION = 1.0;
				PRODUCT_BUNDLE_IDENTIFIER = sina.unwire;
				PRODUCT_NAME = "$(TARGET_NAME)";
				SWIFT_EMIT_LOC_STRINGS = YES;
				SWIFT_VERSION = 5.0;
				TARGETED_DEVICE_FAMILY = "1,2";
			};
			name = Release;
		};
		7837B2AC2A0BFA8100FA9D0F /* Debug */ = {
			isa = XCBuildConfiguration;
			buildSettings = {
				ALWAYS_EMBED_SWIFT_STANDARD_LIBRARIES = YES;
				BUNDLE_LOADER = "$(TEST_HOST)";
				CODE_SIGN_STYLE = Automatic;
				CURRENT_PROJECT_VERSION = 1;
				GENERATE_INFOPLIST_FILE = YES;
				IPHONEOS_DEPLOYMENT_TARGET = 14.0;
				MARKETING_VERSION = 1.0;
				PRODUCT_BUNDLE_IDENTIFIER = sina.unwireTests;
				PRODUCT_NAME = "$(TARGET_NAME)";
				SWIFT_EMIT_LOC_STRINGS = NO;
				SWIFT_VERSION = 5.0;
				TARGETED_DEVICE_FAMILY = "1,2";
				TEST_HOST = "$(BUILT_PRODUCTS_DIR)/Unwire.app/$(BUNDLE_EXECUTABLE_FOLDER_PATH)/Unwire";
			};
			name = Debug;
		};
		7837B2AD2A0BFA8100FA9D0F /* Release */ = {
			isa = XCBuildConfiguration;
			buildSettings = {
				ALWAYS_EMBED_SWIFT_STANDARD_LIBRARIES = YES;
				BUNDLE_LOADER = "$(TEST_HOST)";
				CODE_SIGN_STYLE = Automatic;
				CURRENT_PROJECT_VERSION = 1;
				GENERATE_INFOPLIST_FILE = YES;
				IPHONEOS_DEPLOYMENT_TARGET = 14.0;
				MARKETING_VERSION = 1.0;
				PRODUCT_BUNDLE_IDENTIFIER = sina.unwireTests;
				PRODUCT_NAME = "$(TARGET_NAME)";
				SWIFT_EMIT_LOC_STRINGS = NO;
				SWIFT_VERSION = 5.0;
				TARGETED_DEVICE_FAMILY = "1,2";
				TEST_HOST = "$(BUILT_PRODUCTS_DIR)/Unwire.app/$(BUNDLE_EXECUTABLE_FOLDER_PATH)/Unwire";
			};
			name = Release;
		};
		7837B2AF2A0BFA8100FA9D0F /* Debug */ = {
			isa = XCBuildConfiguration;
			buildSettings = {
				ALWAYS_EMBED_SWIFT_STANDARD_LIBRARIES = YES;
				CODE_SIGN_STYLE = Automatic;
				CURRENT_PROJECT_VERSION = 1;
				GENERATE_INFOPLIST_FILE = YES;
				MARKETING_VERSION = 1.0;
				PRODUCT_BUNDLE_IDENTIFIER = sina.unwireUITests;
				PRODUCT_NAME = "$(TARGET_NAME)";
				SWIFT_EMIT_LOC_STRINGS = NO;
				SWIFT_VERSION = 5.0;
				TARGETED_DEVICE_FAMILY = "1,2";
				TEST_TARGET_NAME = unwire;
			};
			name = Debug;
		};
		7837B2B02A0BFA8100FA9D0F /* Release */ = {
			isa = XCBuildConfiguration;
			buildSettings = {
				ALWAYS_EMBED_SWIFT_STANDARD_LIBRARIES = YES;
				CODE_SIGN_STYLE = Automatic;
				CURRENT_PROJECT_VERSION = 1;
				GENERATE_INFOPLIST_FILE = YES;
				MARKETING_VERSION = 1.0;
				PRODUCT_BUNDLE_IDENTIFIER = sina.unwireUITests;
				PRODUCT_NAME = "$(TARGET_NAME)";
				SWIFT_EMIT_LOC_STRINGS = NO;
				SWIFT_VERSION = 5.0;
				TARGETED_DEVICE_FAMILY = "1,2";
				TEST_TARGET_NAME = unwire;
			};
			name = Release;
		};
/* End XCBuildConfiguration section */

/* Begin XCConfigurationList section */
		7837B2792A0BFA7D00FA9D0F /* Build configuration list for PBXProject "Unwire" */ = {
			isa = XCConfigurationList;
			buildConfigurations = (
				7837B2A62A0BFA8100FA9D0F /* Debug */,
				7837B2A72A0BFA8100FA9D0F /* Release */,
			);
			defaultConfigurationIsVisible = 0;
			defaultConfigurationName = Release;
		};
		7837B2A82A0BFA8100FA9D0F /* Build configuration list for PBXNativeTarget "Unwire" */ = {
			isa = XCConfigurationList;
			buildConfigurations = (
				7837B2A92A0BFA8100FA9D0F /* Debug */,
				7837B2AA2A0BFA8100FA9D0F /* Release */,
			);
			defaultConfigurationIsVisible = 0;
			defaultConfigurationName = Release;
		};
		7837B2AB2A0BFA8100FA9D0F /* Build configuration list for PBXNativeTarget "UnwireTests" */ = {
			isa = XCConfigurationList;
			buildConfigurations = (
				7837B2AC2A0BFA8100FA9D0F /* Debug */,
				7837B2AD2A0BFA8100FA9D0F /* Release */,
			);
			defaultConfigurationIsVisible = 0;
			defaultConfigurationName = Release;
		};
		7837B2AE2A0BFA8100FA9D0F /* Build configuration list for PBXNativeTarget "UnwireUITests" */ = {
			isa = XCConfigurationList;
			buildConfigurations = (
				7837B2AF2A0BFA8100FA9D0F /* Debug */,
				7837B2B02A0BFA8100FA9D0F /* Release */,
			);
			defaultConfigurationIsVisible = 0;
			defaultConfigurationName = Release;
		};
/* End XCConfigurationList section */
	};
	rootObject = 7837B2762A0BFA7D00FA9D0F /* Project object */;
}
